
Microsoft Visual Studio Solution File, Format Version 12.00
# Visual Studio 15
VisualStudioVersion = 15.0.26228.12
MinimumVisualStudioVersion = 10.0.40219.1
Project("{9A19103F-16F7-4668-BE54-9A1E7A4F7556}") = "Mors.AppPlatform.Adapters", "Mors.AppPlatform.Adapters\Mors.AppPlatform.Adapters.csproj", "{84BDB2FA-A16E-4F70-92EF-7CCED94A3405}"
EndProject
Project("{9A19103F-16F7-4668-BE54-9A1E7A4F7556}") = "Mors.AppPlatform.Client", "Mors.AppPlatform.Client\Mors.AppPlatform.Client.csproj", "{0D9E8956-7698-4B39-9D27-08F38A87E524}"
EndProject
Project("{9A19103F-16F7-4668-BE54-9A1E7A4F7556}") = "Mors.AppPlatform.Service", "Mors.AppPlatform.Service\Mors.AppPlatform.Service.csproj", "{3AEB7039-C984-4CFE-9143-DD443962E927}"
EndProject
Project("{9A19103F-16F7-4668-BE54-9A1E7A4F7556}") = "Mors.AppPlatform.Service.Client", "Mors.AppPlatform.Service.Client\Mors.AppPlatform.Service.Client.csproj", "{74C4EE16-E0A0-45A9-A20A-47C17A60DD16}"
EndProject
Project("{9A19103F-16F7-4668-BE54-9A1E7A4F7556}") = "Mors.AppPlatform.Support", "Mors.AppPlatform.Support\Mors.AppPlatform.Support.csproj", "{2603751F-57CA-48FD-84EC-55983878B247}"
EndProject
Project("{9A19103F-16F7-4668-BE54-9A1E7A4F7556}") = "Mors.AppPlatform.Support.Test", "Mors.AppPlatform.Support.Test\Mors.AppPlatform.Support.Test.csproj", "{060CF450-A712-4FA5-B9FA-109A28C0C336}"
EndProject
Project("{9A19103F-16F7-4668-BE54-9A1E7A4F7556}") = "Mors.AppPlatform.Runtime", "Mors.AppPlatform.Runtime\Mors.AppPlatform.Runtime.csproj", "{1335C81B-BA5D-4142-98BD-69BE199CE325}"
EndProject
Project("{9A19103F-16F7-4668-BE54-9A1E7A4F7556}") = "Mors.AppPlatform.Runtime.Test", "Mors.AppPlatform.Runtime.Test\Mors.AppPlatform.Runtime.Test.csproj", "{F7EAD28E-772D-4834-A7AF-41361B5E8502}"
EndProject
Project("{9A19103F-16F7-4668-BE54-9A1E7A4F7556}") = "Mors.AppPlatform.Client.Support", "Mors.AppPlatform.Client.Support\Mors.AppPlatform.Client.Support.csproj", "{6B7D6FBC-A75F-435E-8230-3AE66DF260F6}"
EndProject
Global
	GlobalSection(SolutionConfigurationPlatforms) = preSolution
		Debug|Any CPU = Debug|Any CPU
		Release|Any CPU = Release|Any CPU
	EndGlobalSection
	GlobalSection(ProjectConfigurationPlatforms) = postSolution
		{84BDB2FA-A16E-4F70-92EF-7CCED94A3405}.Debug|Any CPU.ActiveCfg = Debug|Any CPU
		{84BDB2FA-A16E-4F70-92EF-7CCED94A3405}.Debug|Any CPU.Build.0 = Debug|Any CPU
		{84BDB2FA-A16E-4F70-92EF-7CCED94A3405}.Release|Any CPU.ActiveCfg = Release|Any CPU
		{84BDB2FA-A16E-4F70-92EF-7CCED94A3405}.Release|Any CPU.Build.0 = Release|Any CPU
		{0D9E8956-7698-4B39-9D27-08F38A87E524}.Debug|Any CPU.ActiveCfg = Debug|Any CPU
		{0D9E8956-7698-4B39-9D27-08F38A87E524}.Debug|Any CPU.Build.0 = Debug|Any CPU
		{0D9E8956-7698-4B39-9D27-08F38A87E524}.Release|Any CPU.ActiveCfg = Release|Any CPU
		{0D9E8956-7698-4B39-9D27-08F38A87E524}.Release|Any CPU.Build.0 = Release|Any CPU
		{3AEB7039-C984-4CFE-9143-DD443962E927}.Debug|Any CPU.ActiveCfg = Debug|Any CPU
		{3AEB7039-C984-4CFE-9143-DD443962E927}.Debug|Any CPU.Build.0 = Debug|Any CPU
		{3AEB7039-C984-4CFE-9143-DD443962E927}.Release|Any CPU.ActiveCfg = Release|Any CPU
		{3AEB7039-C984-4CFE-9143-DD443962E927}.Release|Any CPU.Build.0 = Release|Any CPU
		{74C4EE16-E0A0-45A9-A20A-47C17A60DD16}.Debug|Any CPU.ActiveCfg = Debug|Any CPU
		{74C4EE16-E0A0-45A9-A20A-47C17A60DD16}.Debug|Any CPU.Build.0 = Debug|Any CPU
		{74C4EE16-E0A0-45A9-A20A-47C17A60DD16}.Release|Any CPU.ActiveCfg = Release|Any CPU
		{74C4EE16-E0A0-45A9-A20A-47C17A60DD16}.Release|Any CPU.Build.0 = Release|Any CPU
		{2603751F-57CA-48FD-84EC-55983878B247}.Debug|Any CPU.ActiveCfg = Debug|Any CPU
		{2603751F-57CA-48FD-84EC-55983878B247}.Debug|Any CPU.Build.0 = Debug|Any CPU
		{2603751F-57CA-48FD-84EC-55983878B247}.Release|Any CPU.ActiveCfg = Release|Any CPU
		{2603751F-57CA-48FD-84EC-55983878B247}.Release|Any CPU.Build.0 = Release|Any CPU
		{060CF450-A712-4FA5-B9FA-109A28C0C336}.Debug|Any CPU.ActiveCfg = Debug|Any CPU
		{060CF450-A712-4FA5-B9FA-109A28C0C336}.Debug|Any CPU.Build.0 = Debug|Any CPU
		{060CF450-A712-4FA5-B9FA-109A28C0C336}.Release|Any CPU.ActiveCfg = Release|Any CPU
		{060CF450-A712-4FA5-B9FA-109A28C0C336}.Release|Any CPU.Build.0 = Release|Any CPU
		{1335C81B-BA5D-4142-98BD-69BE199CE325}.Debug|Any CPU.ActiveCfg = Debug|Any CPU
		{1335C81B-BA5D-4142-98BD-69BE199CE325}.Debug|Any CPU.Build.0 = Debug|Any CPU
		{1335C81B-BA5D-4142-98BD-69BE199CE325}.Release|Any CPU.ActiveCfg = Release|Any CPU
		{1335C81B-BA5D-4142-98BD-69BE199CE325}.Release|Any CPU.Build.0 = Release|Any CPU
		{F7EAD28E-772D-4834-A7AF-41361B5E8502}.Debug|Any CPU.ActiveCfg = Debug|Any CPU
		{F7EAD28E-772D-4834-A7AF-41361B5E8502}.Debug|Any CPU.Build.0 = Debug|Any CPU
		{F7EAD28E-772D-4834-A7AF-41361B5E8502}.Release|Any CPU.ActiveCfg = Release|Any CPU
		{F7EAD28E-772D-4834-A7AF-41361B5E8502}.Release|Any CPU.Build.0 = Release|Any CPU
		{6B7D6FBC-A75F-435E-8230-3AE66DF260F6}.Debug|Any CPU.ActiveCfg = Debug|Any CPU
		{6B7D6FBC-A75F-435E-8230-3AE66DF260F6}.Debug|Any CPU.Build.0 = Debug|Any CPU
		{6B7D6FBC-A75F-435E-8230-3AE66DF260F6}.Release|Any CPU.ActiveCfg = Release|Any CPU
		{6B7D6FBC-A75F-435E-8230-3AE66DF260F6}.Release|Any CPU.Build.0 = Release|Any CPU
	EndGlobalSection
	GlobalSection(SolutionProperties) = preSolution
		HideSolutionNode = FALSE
	EndGlobalSection
	GlobalSection(ExtensibilityGlobals) = postSolution
		SolutionGuid = {BEEFCEE4-1EBB-4511-84BE-43548E05EBE4}
	EndGlobalSection
EndGlobal
